
Microsoft Visual Studio Solution File, Format Version 12.00
# Visual Studio Version 17
VisualStudioVersion = 17.3.32825.248
MinimumVisualStudioVersion = 10.0.40219.1
Project("{FAE04EC0-301F-11D3-BF4B-00C04F79EFBC}") = "WindowsFormsApp", "WindowsFormsApp.csproj", "{B2DC08FB-37CC-46E9-94D8-6DE6B913D9A3}"
EndProject
Global
	GlobalSection(SolutionConfigurationPlatforms) = preSolution
		Debug|Any CPU = Debug|Any CPU
		Release|Any CPU = Release|Any CPU
	EndGlobalSection
	GlobalSection(ProjectConfigurationPlatforms) = postSolution
		{B2DC08FB-37CC-46E9-94D8-6DE6B913D9A3}.Debug|Any CPU.ActiveCfg = Debug|Any CPU
		{B2DC08FB-37CC-46E9-94D8-6DE6B913D9A3}.Debug|Any CPU.Build.0 = Debug|Any CPU
		{B2DC08FB-37CC-46E9-94D8-6DE6B913D9A3}.Release|Any CPU.ActiveCfg = Release|Any CPU
		{B2DC08FB-37CC-46E9-94D8-6DE6B913D9A3}.Release|Any CPU.Build.0 = Release|Any CPU
	EndGlobalSection
	GlobalSection(SolutionProperties) = preSolution
		HideSolutionNode = FALSE
	EndGlobalSection
	GlobalSection(ExtensibilityGlobals) = postSolution
		SolutionGuid = {4D12E915-2170-41BE-80D3-3722E8327E96}
	EndGlobalSection
EndGlobal
